// !$*UTF8*$!
{
	archiveVersion = 1;
	classes = {
	};
	objectVersion = 55;
	objects = {

/* Begin PBXBuildFile section */
		EC08297927CBD70D00E2B781 /* Motionhelper.swift in Sources */ = {isa = PBXBuildFile; fileRef = EC08297827CBD70D00E2B781 /* Motionhelper.swift */; };
		EC08297B27CBD75A00E2B781 /* VectorOperations.swift in Sources */ = {isa = PBXBuildFile; fileRef = EC08297A27CBD75A00E2B781 /* VectorOperations.swift */; };
		EC08297D27CBD79700E2B781 /* GameScene.scn in Resources */ = {isa = PBXBuildFile; fileRef = EC08297C27CBD79700E2B781 /* GameScene.scn */; };
		EC47AE2427D02FBA0021A748 /* GameView.swift in Sources */ = {isa = PBXBuildFile; fileRef = EC47AE2327D02FBA0021A748 /* GameView.swift */; };
		EC600E5D27D120CB001E1F17 /* log.swift in Sources */ = {isa = PBXBuildFile; fileRef = EC600E5C27D120CB001E1F17 /* log.swift */; };
		EC600E5F27D1225D001E1F17 /* DebugConfig.swift in Sources */ = {isa = PBXBuildFile; fileRef = EC600E5E27D1225D001E1F17 /* DebugConfig.swift */; };
		EC7FC8C827D110E300BD612C /* GameAdapter.swift in Sources */ = {isa = PBXBuildFile; fileRef = EC7FC8C727D110E300BD612C /* GameAdapter.swift */; };
		ECBB211A27C5DF9300E171C0 /* Int+isBetween.swift in Sources */ = {isa = PBXBuildFile; fileRef = ECBB211927C5DF9300E171C0 /* Int+isBetween.swift */; };
		ECBB211D27C5E16500E171C0 /* Double+isBetween.swift in Sources */ = {isa = PBXBuildFile; fileRef = ECBB211C27C5E16500E171C0 /* Double+isBetween.swift */; };
		ECBB211F27C5E1DF00E171C0 /* CGFloat+isBetween.swift in Sources */ = {isa = PBXBuildFile; fileRef = ECBB211E27C5E1DF00E171C0 /* CGFloat+isBetween.swift */; };
		ECBB212227C5EBA900E171C0 /* MotionManager.swift in Sources */ = {isa = PBXBuildFile; fileRef = ECBB212127C5EBA900E171C0 /* MotionManager.swift */; };
		ECC4799027CCC205004577F1 /* Double+clamped.swift in Sources */ = {isa = PBXBuildFile; fileRef = ECC4798F27CCC205004577F1 /* Double+clamped.swift */; };
		ECC4799227CCC271004577F1 /* Numeric+getSign.swift in Sources */ = {isa = PBXBuildFile; fileRef = ECC4799127CCC271004577F1 /* Numeric+getSign.swift */; };
		ECC77C2727CC5FEA00973368 /* GameSceneRendererDelegate.swift in Sources */ = {isa = PBXBuildFile; fileRef = ECC77C2627CC5FEA00973368 /* GameSceneRendererDelegate.swift */; };
		ECC7C35E27CD721F0063E58F /* Float+clamped.swift in Sources */ = {isa = PBXBuildFile; fileRef = ECC7C35D27CD721F0063E58F /* Float+clamped.swift */; };
		ECDF982727C4B001000281F1 /* GameSceneView.swift in Sources */ = {isa = PBXBuildFile; fileRef = ECDF981927C4B001000281F1 /* GameSceneView.swift */; };
		ECDF982927C4B001000281F1 /* GameComposer.swift in Sources */ = {isa = PBXBuildFile; fileRef = ECDF981B27C4B001000281F1 /* GameComposer.swift */; };
		ECDF982B27C4B001000281F1 /* GenericViewController.swift in Sources */ = {isa = PBXBuildFile; fileRef = ECDF981E27C4B001000281F1 /* GenericViewController.swift */; };
		ECDF982C27C4B001000281F1 /* AppWindowComposer.swift in Sources */ = {isa = PBXBuildFile; fileRef = ECDF981F27C4B001000281F1 /* AppWindowComposer.swift */; };
		ECDF982D27C4B001000281F1 /* Assets.xcassets in Resources */ = {isa = PBXBuildFile; fileRef = ECDF982027C4B001000281F1 /* Assets.xcassets */; };
		ECDF982E27C4B001000281F1 /* LaunchScreen.storyboard in Resources */ = {isa = PBXBuildFile; fileRef = ECDF982127C4B001000281F1 /* LaunchScreen.storyboard */; };
		ECDF982F27C4B001000281F1 /* Device.swift in Sources */ = {isa = PBXBuildFile; fileRef = ECDF982327C4B001000281F1 /* Device.swift */; };
		ECDF983027C4B001000281F1 /* AppDelegate.swift in Sources */ = {isa = PBXBuildFile; fileRef = ECDF982427C4B001000281F1 /* AppDelegate.swift */; };
/* End PBXBuildFile section */

/* Begin PBXFileReference section */
		EC08297827CBD70D00E2B781 /* Motionhelper.swift */ = {isa = PBXFileReference; lastKnownFileType = sourcecode.swift; path = Motionhelper.swift; sourceTree = "<group>"; };
		EC08297A27CBD75A00E2B781 /* VectorOperations.swift */ = {isa = PBXFileReference; fileEncoding = 4; lastKnownFileType = sourcecode.swift; path = VectorOperations.swift; sourceTree = "<group>"; };
		EC08297C27CBD79700E2B781 /* GameScene.scn */ = {isa = PBXFileReference; lastKnownFileType = file.bplist; path = GameScene.scn; sourceTree = "<group>"; };
		EC47AE2327D02FBA0021A748 /* GameView.swift */ = {isa = PBXFileReference; lastKnownFileType = sourcecode.swift; path = GameView.swift; sourceTree = "<group>"; };
		EC600E5C27D120CB001E1F17 /* log.swift */ = {isa = PBXFileReference; lastKnownFileType = sourcecode.swift; path = log.swift; sourceTree = "<group>"; };
		EC600E5E27D1225D001E1F17 /* DebugConfig.swift */ = {isa = PBXFileReference; lastKnownFileType = sourcecode.swift; path = DebugConfig.swift; sourceTree = "<group>"; };
		EC7FC8C727D110E300BD612C /* GameAdapter.swift */ = {isa = PBXFileReference; lastKnownFileType = sourcecode.swift; path = GameAdapter.swift; sourceTree = "<group>"; };
		ECBB211927C5DF9300E171C0 /* Int+isBetween.swift */ = {isa = PBXFileReference; lastKnownFileType = sourcecode.swift; path = "Int+isBetween.swift"; sourceTree = "<group>"; };
		ECBB211C27C5E16500E171C0 /* Double+isBetween.swift */ = {isa = PBXFileReference; lastKnownFileType = sourcecode.swift; path = "Double+isBetween.swift"; sourceTree = "<group>"; };
		ECBB211E27C5E1DF00E171C0 /* CGFloat+isBetween.swift */ = {isa = PBXFileReference; lastKnownFileType = sourcecode.swift; path = "CGFloat+isBetween.swift"; sourceTree = "<group>"; };
		ECBB212127C5EBA900E171C0 /* MotionManager.swift */ = {isa = PBXFileReference; lastKnownFileType = sourcecode.swift; path = MotionManager.swift; sourceTree = "<group>"; };
		ECC4798F27CCC205004577F1 /* Double+clamped.swift */ = {isa = PBXFileReference; lastKnownFileType = sourcecode.swift; path = "Double+clamped.swift"; sourceTree = "<group>"; };
		ECC4799127CCC271004577F1 /* Numeric+getSign.swift */ = {isa = PBXFileReference; lastKnownFileType = sourcecode.swift; path = "Numeric+getSign.swift"; sourceTree = "<group>"; };
		ECC77C2627CC5FEA00973368 /* GameSceneRendererDelegate.swift */ = {isa = PBXFileReference; lastKnownFileType = sourcecode.swift; path = GameSceneRendererDelegate.swift; sourceTree = "<group>"; };
		ECC7C35D27CD721F0063E58F /* Float+clamped.swift */ = {isa = PBXFileReference; lastKnownFileType = sourcecode.swift; path = "Float+clamped.swift"; sourceTree = "<group>"; };
		ECDF97FC27C4AFDF000281F1 /* DontTextAndDrive.app */ = {isa = PBXFileReference; explicitFileType = wrapper.application; includeInIndex = 0; path = DontTextAndDrive.app; sourceTree = BUILT_PRODUCTS_DIR; };
		ECDF981927C4B001000281F1 /* GameSceneView.swift */ = {isa = PBXFileReference; fileEncoding = 4; lastKnownFileType = sourcecode.swift; path = GameSceneView.swift; sourceTree = "<group>"; };
		ECDF981B27C4B001000281F1 /* GameComposer.swift */ = {isa = PBXFileReference; fileEncoding = 4; lastKnownFileType = sourcecode.swift; path = GameComposer.swift; sourceTree = "<group>"; };
		ECDF981E27C4B001000281F1 /* GenericViewController.swift */ = {isa = PBXFileReference; fileEncoding = 4; lastKnownFileType = sourcecode.swift; path = GenericViewController.swift; sourceTree = "<group>"; };
		ECDF981F27C4B001000281F1 /* AppWindowComposer.swift */ = {isa = PBXFileReference; fileEncoding = 4; lastKnownFileType = sourcecode.swift; path = AppWindowComposer.swift; sourceTree = "<group>"; };
		ECDF982027C4B001000281F1 /* Assets.xcassets */ = {isa = PBXFileReference; lastKnownFileType = folder.assetcatalog; path = Assets.xcassets; sourceTree = "<group>"; };
		ECDF982227C4B001000281F1 /* Base */ = {isa = PBXFileReference; lastKnownFileType = file.storyboard; name = Base; path = Base.lproj/LaunchScreen.storyboard; sourceTree = "<group>"; };
		ECDF982327C4B001000281F1 /* Device.swift */ = {isa = PBXFileReference; fileEncoding = 4; lastKnownFileType = sourcecode.swift; path = Device.swift; sourceTree = "<group>"; };
		ECDF982427C4B001000281F1 /* AppDelegate.swift */ = {isa = PBXFileReference; fileEncoding = 4; lastKnownFileType = sourcecode.swift; path = AppDelegate.swift; sourceTree = "<group>"; };
/* End PBXFileReference section */

/* Begin PBXFrameworksBuildPhase section */
		ECDF97F927C4AFDE000281F1 /* Frameworks */ = {
			isa = PBXFrameworksBuildPhase;
			buildActionMask = 2147483647;
			files = (
			);
			runOnlyForDeploymentPostprocessing = 0;
		};
/* End PBXFrameworksBuildPhase section */

/* Begin PBXGroup section */
		EC600E5B27D120BC001E1F17 /* Helper */ = {
			isa = PBXGroup;
			children = (
				EC600E5C27D120CB001E1F17 /* log.swift */,
				EC600E5E27D1225D001E1F17 /* DebugConfig.swift */,
			);
			path = Helper;
			sourceTree = "<group>";
		};
		ECBB211B27C5E14C00E171C0 /* Extensions */ = {
			isa = PBXGroup;
			children = (
				EC08297A27CBD75A00E2B781 /* VectorOperations.swift */,
				ECBB211927C5DF9300E171C0 /* Int+isBetween.swift */,
				ECBB211C27C5E16500E171C0 /* Double+isBetween.swift */,
				ECBB211E27C5E1DF00E171C0 /* CGFloat+isBetween.swift */,
				ECC4798F27CCC205004577F1 /* Double+clamped.swift */,
				ECC7C35D27CD721F0063E58F /* Float+clamped.swift */,
				ECC4799127CCC271004577F1 /* Numeric+getSign.swift */,
			);
			path = Extensions;
			sourceTree = "<group>";
		};
		ECBB212027C5EB9800E171C0 /* Service */ = {
			isa = PBXGroup;
			children = (
				ECBB212127C5EBA900E171C0 /* MotionManager.swift */,
				EC08297827CBD70D00E2B781 /* Motionhelper.swift */,
			);
			path = Service;
			sourceTree = "<group>";
		};
		ECDF97F327C4AFDE000281F1 = {
			isa = PBXGroup;
			children = (
				ECDF97FE27C4AFDF000281F1 /* DontTextAndDrive */,
				ECDF97FD27C4AFDF000281F1 /* Products */,
			);
			sourceTree = "<group>";
		};
		ECDF97FD27C4AFDF000281F1 /* Products */ = {
			isa = PBXGroup;
			children = (
				ECDF97FC27C4AFDF000281F1 /* DontTextAndDrive.app */,
			);
			name = Products;
			sourceTree = "<group>";
		};
		ECDF97FE27C4AFDF000281F1 /* DontTextAndDrive */ = {
			isa = PBXGroup;
			children = (
				ECDF981D27C4B001000281F1 /* Application */,
				ECDF981627C4B001000281F1 /* Scenes */,
			);
			path = DontTextAndDrive;
			sourceTree = "<group>";
		};
		ECDF981627C4B001000281F1 /* Scenes */ = {
			isa = PBXGroup;
			children = (
				EC08297C27CBD79700E2B781 /* GameScene.scn */,
				ECDF981927C4B001000281F1 /* GameSceneView.swift */,
				ECDF981B27C4B001000281F1 /* GameComposer.swift */,
				ECC77C2627CC5FEA00973368 /* GameSceneRendererDelegate.swift */,
				EC47AE2327D02FBA0021A748 /* GameView.swift */,
				EC7FC8C727D110E300BD612C /* GameAdapter.swift */,
			);
			path = Scenes;
			sourceTree = "<group>";
		};
		ECDF981D27C4B001000281F1 /* Application */ = {
			isa = PBXGroup;
			children = (
				EC600E5B27D120BC001E1F17 /* Helper */,
				ECBB212027C5EB9800E171C0 /* Service */,
				ECBB211B27C5E14C00E171C0 /* Extensions */,
				ECDF982027C4B001000281F1 /* Assets.xcassets */,
				ECDF982127C4B001000281F1 /* LaunchScreen.storyboard */,
				ECDF982427C4B001000281F1 /* AppDelegate.swift */,
				ECDF981F27C4B001000281F1 /* AppWindowComposer.swift */,
				ECDF981E27C4B001000281F1 /* GenericViewController.swift */,
				ECDF982327C4B001000281F1 /* Device.swift */,
			);
			path = Application;
			sourceTree = "<group>";
		};
/* End PBXGroup section */

/* Begin PBXNativeTarget section */
		ECDF97FB27C4AFDE000281F1 /* DontTextAndDrive */ = {
			isa = PBXNativeTarget;
			buildConfigurationList = ECDF981327C4AFE1000281F1 /* Build configuration list for PBXNativeTarget "DontTextAndDrive" */;
			buildPhases = (
				ECDF97F827C4AFDE000281F1 /* Sources */,
				ECDF97F927C4AFDE000281F1 /* Frameworks */,
				ECDF97FA27C4AFDE000281F1 /* Resources */,
			);
			buildRules = (
			);
			dependencies = (
			);
			name = DontTextAndDrive;
			productName = DontTextAndDrive;
			productReference = ECDF97FC27C4AFDF000281F1 /* DontTextAndDrive.app */;
			productType = "com.apple.product-type.application";
		};
/* End PBXNativeTarget section */

/* Begin PBXProject section */
		ECDF97F427C4AFDE000281F1 /* Project object */ = {
			isa = PBXProject;
			attributes = {
				BuildIndependentTargetsInParallel = 1;
				LastSwiftUpdateCheck = 1320;
				LastUpgradeCheck = 1320;
				TargetAttributes = {
					ECDF97FB27C4AFDE000281F1 = {
						CreatedOnToolsVersion = 13.2.1;
					};
				};
			};
			buildConfigurationList = ECDF97F727C4AFDE000281F1 /* Build configuration list for PBXProject "DontTextAndDrive" */;
			compatibilityVersion = "Xcode 13.0";
			developmentRegion = en;
			hasScannedForEncodings = 0;
			knownRegions = (
				en,
				Base,
			);
			mainGroup = ECDF97F327C4AFDE000281F1;
			productRefGroup = ECDF97FD27C4AFDF000281F1 /* Products */;
			projectDirPath = "";
			projectRoot = "";
			targets = (
				ECDF97FB27C4AFDE000281F1 /* DontTextAndDrive */,
			);
		};
/* End PBXProject section */

/* Begin PBXResourcesBuildPhase section */
		ECDF97FA27C4AFDE000281F1 /* Resources */ = {
			isa = PBXResourcesBuildPhase;
			buildActionMask = 2147483647;
			files = (
				ECDF982E27C4B001000281F1 /* LaunchScreen.storyboard in Resources */,
				ECDF982D27C4B001000281F1 /* Assets.xcassets in Resources */,
				EC08297D27CBD79700E2B781 /* GameScene.scn in Resources */,
			);
			runOnlyForDeploymentPostprocessing = 0;
		};
/* End PBXResourcesBuildPhase section */

/* Begin PBXSourcesBuildPhase section */
		ECDF97F827C4AFDE000281F1 /* Sources */ = {
			isa = PBXSourcesBuildPhase;
			buildActionMask = 2147483647;
			files = (
				ECBB212227C5EBA900E171C0 /* MotionManager.swift in Sources */,
				EC600E5F27D1225D001E1F17 /* DebugConfig.swift in Sources */,
				ECBB211D27C5E16500E171C0 /* Double+isBetween.swift in Sources */,
				ECDF982927C4B001000281F1 /* GameComposer.swift in Sources */,
				ECDF982F27C4B001000281F1 /* Device.swift in Sources */,
				ECDF982C27C4B001000281F1 /* AppWindowComposer.swift in Sources */,
				EC08297927CBD70D00E2B781 /* Motionhelper.swift in Sources */,
				EC600E5D27D120CB001E1F17 /* log.swift in Sources */,
				ECC77C2727CC5FEA00973368 /* GameSceneRendererDelegate.swift in Sources */,
				ECC4799027CCC205004577F1 /* Double+clamped.swift in Sources */,
				EC7FC8C827D110E300BD612C /* GameAdapter.swift in Sources */,
				EC08297B27CBD75A00E2B781 /* VectorOperations.swift in Sources */,
				ECDF982727C4B001000281F1 /* GameSceneView.swift in Sources */,
				ECBB211A27C5DF9300E171C0 /* Int+isBetween.swift in Sources */,
				ECC7C35E27CD721F0063E58F /* Float+clamped.swift in Sources */,
				ECDF982B27C4B001000281F1 /* GenericViewController.swift in Sources */,
				EC47AE2427D02FBA0021A748 /* GameView.swift in Sources */,
				ECBB211F27C5E1DF00E171C0 /* CGFloat+isBetween.swift in Sources */,
				ECC4799227CCC271004577F1 /* Numeric+getSign.swift in Sources */,
				ECDF983027C4B001000281F1 /* AppDelegate.swift in Sources */,
			);
			runOnlyForDeploymentPostprocessing = 0;
		};
/* End PBXSourcesBuildPhase section */

/* Begin PBXVariantGroup section */
		ECDF982127C4B001000281F1 /* LaunchScreen.storyboard */ = {
			isa = PBXVariantGroup;
			children = (
				ECDF982227C4B001000281F1 /* Base */,
			);
			name = LaunchScreen.storyboard;
			sourceTree = "<group>";
		};
/* End PBXVariantGroup section */

/* Begin XCBuildConfiguration section */
		ECDF981127C4AFE1000281F1 /* Debug */ = {
			isa = XCBuildConfiguration;
			buildSettings = {
				ALWAYS_SEARCH_USER_PATHS = NO;
				CLANG_ANALYZER_NONNULL = YES;
				CLANG_ANALYZER_NUMBER_OBJECT_CONVERSION = YES_AGGRESSIVE;
				CLANG_CXX_LANGUAGE_STANDARD = "gnu++17";
				CLANG_CXX_LIBRARY = "libc++";
				CLANG_ENABLE_MODULES = YES;
				CLANG_ENABLE_OBJC_ARC = YES;
				CLANG_ENABLE_OBJC_WEAK = YES;
				CLANG_WARN_BLOCK_CAPTURE_AUTORELEASING = YES;
				CLANG_WARN_BOOL_CONVERSION = YES;
				CLANG_WARN_COMMA = YES;
				CLANG_WARN_CONSTANT_CONVERSION = YES;
				CLANG_WARN_DEPRECATED_OBJC_IMPLEMENTATIONS = YES;
				CLANG_WARN_DIRECT_OBJC_ISA_USAGE = YES_ERROR;
				CLANG_WARN_DOCUMENTATION_COMMENTS = YES;
				CLANG_WARN_EMPTY_BODY = YES;
				CLANG_WARN_ENUM_CONVERSION = YES;
				CLANG_WARN_INFINITE_RECURSION = YES;
				CLANG_WARN_INT_CONVERSION = YES;
				CLANG_WARN_NON_LITERAL_NULL_CONVERSION = YES;
				CLANG_WARN_OBJC_IMPLICIT_RETAIN_SELF = YES;
				CLANG_WARN_OBJC_LITERAL_CONVERSION = YES;
				CLANG_WARN_OBJC_ROOT_CLASS = YES_ERROR;
				CLANG_WARN_QUOTED_INCLUDE_IN_FRAMEWORK_HEADER = YES;
				CLANG_WARN_RANGE_LOOP_ANALYSIS = YES;
				CLANG_WARN_STRICT_PROTOTYPES = YES;
				CLANG_WARN_SUSPICIOUS_MOVE = YES;
				CLANG_WARN_UNGUARDED_AVAILABILITY = YES_AGGRESSIVE;
				CLANG_WARN_UNREACHABLE_CODE = YES;
				CLANG_WARN__DUPLICATE_METHOD_MATCH = YES;
				COPY_PHASE_STRIP = NO;
				DEBUG_INFORMATION_FORMAT = dwarf;
				ENABLE_STRICT_OBJC_MSGSEND = YES;
				ENABLE_TESTABILITY = YES;
				GCC_C_LANGUAGE_STANDARD = gnu11;
				GCC_DYNAMIC_NO_PIC = NO;
				GCC_NO_COMMON_BLOCKS = YES;
				GCC_OPTIMIZATION_LEVEL = 0;
				GCC_PREPROCESSOR_DEFINITIONS = (
					"DEBUG=1",
					"$(inherited)",
				);
				GCC_WARN_64_TO_32_BIT_CONVERSION = YES;
				GCC_WARN_ABOUT_RETURN_TYPE = YES_ERROR;
				GCC_WARN_UNDECLARED_SELECTOR = YES;
				GCC_WARN_UNINITIALIZED_AUTOS = YES_AGGRESSIVE;
				GCC_WARN_UNUSED_FUNCTION = YES;
				GCC_WARN_UNUSED_VARIABLE = YES;
				IPHONEOS_DEPLOYMENT_TARGET = 15.2;
				MTL_ENABLE_DEBUG_INFO = INCLUDE_SOURCE;
				MTL_FAST_MATH = YES;
				ONLY_ACTIVE_ARCH = YES;
				SDKROOT = iphoneos;
				SWIFT_ACTIVE_COMPILATION_CONDITIONS = DEBUG;
				SWIFT_OPTIMIZATION_LEVEL = "-Onone";
			};
			name = Debug;
		};
		ECDF981227C4AFE1000281F1 /* Release */ = {
			isa = XCBuildConfiguration;
			buildSettings = {
				ALWAYS_SEARCH_USER_PATHS = NO;
				CLANG_ANALYZER_NONNULL = YES;
				CLANG_ANALYZER_NUMBER_OBJECT_CONVERSION = YES_AGGRESSIVE;
				CLANG_CXX_LANGUAGE_STANDARD = "gnu++17";
				CLANG_CXX_LIBRARY = "libc++";
				CLANG_ENABLE_MODULES = YES;
				CLANG_ENABLE_OBJC_ARC = YES;
				CLANG_ENABLE_OBJC_WEAK = YES;
				CLANG_WARN_BLOCK_CAPTURE_AUTORELEASING = YES;
				CLANG_WARN_BOOL_CONVERSION = YES;
				CLANG_WARN_COMMA = YES;
				CLANG_WARN_CONSTANT_CONVERSION = YES;
				CLANG_WARN_DEPRECATED_OBJC_IMPLEMENTATIONS = YES;
				CLANG_WARN_DIRECT_OBJC_ISA_USAGE = YES_ERROR;
				CLANG_WARN_DOCUMENTATION_COMMENTS = YES;
				CLANG_WARN_EMPTY_BODY = YES;
				CLANG_WARN_ENUM_CONVERSION = YES;
				CLANG_WARN_INFINITE_RECURSION = YES;
				CLANG_WARN_INT_CONVERSION = YES;
				CLANG_WARN_NON_LITERAL_NULL_CONVERSION = YES;
				CLANG_WARN_OBJC_IMPLICIT_RETAIN_SELF = YES;
				CLANG_WARN_OBJC_LITERAL_CONVERSION = YES;
				CLANG_WARN_OBJC_ROOT_CLASS = YES_ERROR;
				CLANG_WARN_QUOTED_INCLUDE_IN_FRAMEWORK_HEADER = YES;
				CLANG_WARN_RANGE_LOOP_ANALYSIS = YES;
				CLANG_WARN_STRICT_PROTOTYPES = YES;
				CLANG_WARN_SUSPICIOUS_MOVE = YES;
				CLANG_WARN_UNGUARDED_AVAILABILITY = YES_AGGRESSIVE;
				CLANG_WARN_UNREACHABLE_CODE = YES;
				CLANG_WARN__DUPLICATE_METHOD_MATCH = YES;
				COPY_PHASE_STRIP = NO;
				DEBUG_INFORMATION_FORMAT = "dwarf-with-dsym";
				ENABLE_NS_ASSERTIONS = NO;
				ENABLE_STRICT_OBJC_MSGSEND = YES;
				GCC_C_LANGUAGE_STANDARD = gnu11;
				GCC_NO_COMMON_BLOCKS = YES;
				GCC_WARN_64_TO_32_BIT_CONVERSION = YES;
				GCC_WARN_ABOUT_RETURN_TYPE = YES_ERROR;
				GCC_WARN_UNDECLARED_SELECTOR = YES;
				GCC_WARN_UNINITIALIZED_AUTOS = YES_AGGRESSIVE;
				GCC_WARN_UNUSED_FUNCTION = YES;
				GCC_WARN_UNUSED_VARIABLE = YES;
				IPHONEOS_DEPLOYMENT_TARGET = 15.2;
				MTL_ENABLE_DEBUG_INFO = NO;
				MTL_FAST_MATH = YES;
				SDKROOT = iphoneos;
				SWIFT_COMPILATION_MODE = wholemodule;
				SWIFT_OPTIMIZATION_LEVEL = "-O";
				VALIDATE_PRODUCT = YES;
			};
			name = Release;
		};
		ECDF981427C4AFE1000281F1 /* Debug */ = {
			isa = XCBuildConfiguration;
			buildSettings = {
				ASSETCATALOG_COMPILER_APPICON_NAME = AppIcon;
				ASSETCATALOG_COMPILER_GLOBAL_ACCENT_COLOR_NAME = AccentColor;
				CODE_SIGN_STYLE = Automatic;
				CURRENT_PROJECT_VERSION = 1;
				DEVELOPMENT_TEAM = DCMZQX3HM9;
				GENERATE_INFOPLIST_FILE = YES;
				INFOPLIST_KEY_UIApplicationSupportsIndirectInputEvents = YES;
				INFOPLIST_KEY_UILaunchStoryboardName = LaunchScreen;
				INFOPLIST_KEY_UIStatusBarHidden = YES;
				INFOPLIST_KEY_UISupportedInterfaceOrientations = UIInterfaceOrientationPortrait;
				IPHONEOS_DEPLOYMENT_TARGET = 15.0;
				LD_RUNPATH_SEARCH_PATHS = (
					"$(inherited)",
					"@executable_path/Frameworks",
				);
				MARKETING_VERSION = 1.0;
				PRODUCT_BUNDLE_IDENTIFIER = com.lucaswkuipers.DontTextAndDrive;
				PRODUCT_NAME = "$(TARGET_NAME)";
				SWIFT_EMIT_LOC_STRINGS = YES;
				SWIFT_VERSION = 5.0;
				TARGETED_DEVICE_FAMILY = 1;
			};
			name = Debug;
		};
		ECDF981527C4AFE1000281F1 /* Release */ = {
			isa = XCBuildConfiguration;
			buildSettings = {
				ASSETCATALOG_COMPILER_APPICON_NAME = AppIcon;
				ASSETCATALOG_COMPILER_GLOBAL_ACCENT_COLOR_NAME = AccentColor;
				CODE_SIGN_STYLE = Automatic;
				CURRENT_PROJECT_VERSION = 1;
				DEVELOPMENT_TEAM = DCMZQX3HM9;
				GENERATE_INFOPLIST_FILE = YES;
				INFOPLIST_KEY_UIApplicationSupportsIndirectInputEvents = YES;
				INFOPLIST_KEY_UILaunchStoryboardName = LaunchScreen;
				INFOPLIST_KEY_UIStatusBarHidden = YES;
				INFOPLIST_KEY_UISupportedInterfaceOrientations = UIInterfaceOrientationPortrait;
				IPHONEOS_DEPLOYMENT_TARGET = 15.0;
				LD_RUNPATH_SEARCH_PATHS = (
					"$(inherited)",
					"@executable_path/Frameworks",
				);
				MARKETING_VERSION = 1.0;
				PRODUCT_BUNDLE_IDENTIFIER = com.lucaswkuipers.DontTextAndDrive;
				PRODUCT_NAME = "$(TARGET_NAME)";
				SWIFT_EMIT_LOC_STRINGS = YES;
				SWIFT_VERSION = 5.0;
				TARGETED_DEVICE_FAMILY = 1;
			};
			name = Release;
		};
/* End XCBuildConfiguration section */

/* Begin XCConfigurationList section */
		ECDF97F727C4AFDE000281F1 /* Build configuration list for PBXProject "DontTextAndDrive" */ = {
			isa = XCConfigurationList;
			buildConfigurations = (
				ECDF981127C4AFE1000281F1 /* Debug */,
				ECDF981227C4AFE1000281F1 /* Release */,
			);
			defaultConfigurationIsVisible = 0;
			defaultConfigurationName = Release;
		};
		ECDF981327C4AFE1000281F1 /* Build configuration list for PBXNativeTarget "DontTextAndDrive" */ = {
			isa = XCConfigurationList;
			buildConfigurations = (
				ECDF981427C4AFE1000281F1 /* Debug */,
				ECDF981527C4AFE1000281F1 /* Release */,
			);
			defaultConfigurationIsVisible = 0;
			defaultConfigurationName = Release;
		};
/* End XCConfigurationList section */
	};
	rootObject = ECDF97F427C4AFDE000281F1 /* Project object */;
}
